<Solution>
  <Project Path="AdventureWorks/AdventureWorks.sqlproj">
    <Build />
    <Deploy />
  </Project>
  <Project Path="DemoADO.Database/DemoADO.Database.sqlproj">
    <Build />
    <Deploy />
  </Project>
  <Project Path="DemoADO/DemoADO.csproj" />
  <Project Path="ExerciceADO/ExerciceADO.sqlproj">
    <Build />
    <Deploy />
  </Project>
</Solution>
